{
  "name": "boggle-server",
  "version": "0.0.1",
  "lockfileVersion": 2,
  "requires": true,
  "packages": {
    "": {
      "name": "boggle-server",
      "version": "0.0.1",
      "dependencies": {
        "pf-boggle": "^1.3.0"
      },
      "devDependencies": {
        "typescript": "^4.5.2"
      }
    },
    "node_modules/pf-boggle": {
      "version": "1.3.0",
      "resolved": "https://registry.npmjs.org/pf-boggle/-/pf-boggle-1.3.0.tgz",
      "integrity": "sha512-4r/jjMP+48j8471M8BhfT67y1b02R/5korWcJHjMqOC2m9+sbKiBQ0Pf10lXPultmmopzjLA/uRvWXqG6I2xQA==",
      "dependencies": {
        "pf-sowpods": "^1.2.1"
      }
    },
    "node_modules/pf-sowpods": {
      "version": "1.2.1",
      "resolved": "https://registry.npmjs.org/pf-sowpods/-/pf-sowpods-1.2.1.tgz",
      "integrity": "sha512-6B8dR2jlhYfXKSx5VVmlfDfXe4dGyK6ieWzVElgEvZVFXoq8pil0aq8K28kzbltoIa+Y26QGk0MhfJOdUli/Ww=="
    },
    "node_modules/typescript": {
      "version": "4.6.3",
      "resolved": "https://registry.npmjs.org/typescript/-/typescript-4.6.3.tgz",
      "integrity": "sha512-yNIatDa5iaofVozS/uQJEl3JRWLKKGJKh6Yaiv0GLGSuhpFJe7P3SbHZ8/yjAHRQwKRoA6YZqlfjXWmVzoVSMw==",
      "dev": true,
      "bin": {
        "tsc": "bin/tsc",
        "tsserver": "bin/tsserver"
      },
      "engines": {
        "node": ">=4.2.0"
      }
    }
  },
  "dependencies": {
    "pf-boggle": {
      "version": "1.3.0",
      "resolved": "https://registry.npmjs.org/pf-boggle/-/pf-boggle-1.3.0.tgz",
      "integrity": "sha512-4r/jjMP+48j8471M8BhfT67y1b02R/5korWcJHjMqOC2m9+sbKiBQ0Pf10lXPultmmopzjLA/uRvWXqG6I2xQA==",
      "requires": {
        "pf-sowpods": "^1.2.1"
      }
    },
    "pf-sowpods": {
      "version": "1.2.1",
      "resolved": "https://registry.npmjs.org/pf-sowpods/-/pf-sowpods-1.2.1.tgz",
      "integrity": "sha512-6B8dR2jlhYfXKSx5VVmlfDfXe4dGyK6ieWzVElgEvZVFXoq8pil0aq8K28kzbltoIa+Y26QGk0MhfJOdUli/Ww=="
    },
    "typescript": {
      "version": "4.6.3",
      "resolved": "https://registry.npmjs.org/typescript/-/typescript-4.6.3.tgz",
      "integrity": "sha512-yNIatDa5iaofVozS/uQJEl3JRWLKKGJKh6Yaiv0GLGSuhpFJe7P3SbHZ8/yjAHRQwKRoA6YZqlfjXWmVzoVSMw==",
      "dev": true
    }
  }
}
