{
  "name": "avalon",
  "version": "0.0.1",
  "lockfileVersion": 1,
  "requires": true,
  "dependencies": {
    "vue": {
      "version": "2.6.11",
      "resolved": "https://registry.npmjs.org/vue/-/vue-2.6.11.tgz",
      "integrity": "sha512-VfPwgcGABbGAue9+sfrD4PuwFar7gPb1yl1UK1MwXoQPAw0BKSqWfoYCT/ThFrdEVWoI51dBuyCoiNU9bZDZxQ=="
    },
    "vue-class-component": {
      "version": "7.2.5",
      "resolved": "https://registry.npmjs.org/vue-class-component/-/vue-class-component-7.2.5.tgz",
      "integrity": "sha512-0CSftHY0bDTD+4FbYkuFf6+iKDjZ4h2in2YYJDRMk5daZIjrgT9LjFHvP7Rzqy9/s1pij3zDtTSLRUjsPWMwqg=="
    },
    "vue-property-decorator": {
      "version": "9.0.0",
      "resolved": "https://registry.npmjs.org/vue-property-decorator/-/vue-property-decorator-9.0.0.tgz",
      "integrity": "sha512-oegTNPItuHOkW0AP1MnbdNwkmyhfsUIIXvIRHpgC18tVoEo21/i6kItyeekjMs8JgZJeuHzsaTc/DZaJFH4IWQ=="
    }
  }
}
