{
  "name": "avalon",
  "version": "0.0.1",
  "lockfileVersion": 2,
  "requires": true,
  "packages": {
    "": {
      "version": "0.0.1",
      "dependencies": {
        "@vue/web-component-wrapper": "1.2.0",
        "vue": "2.6.12",
        "vue-class-component": "7.2.6",
        "vue-property-decorator": "9.1.2"
      }
    },
    "node_modules/@vue/web-component-wrapper": {
      "version": "1.2.0",
      "resolved": "https://registry.npmjs.org/@vue/web-component-wrapper/-/web-component-wrapper-1.2.0.tgz",
      "integrity": "sha512-Xn/+vdm9CjuC9p3Ae+lTClNutrVhsXpzxvoTXXtoys6kVRX9FkueSUAqSWAyZntmVLlR4DosBV4pH8y5Z/HbUw=="
    },
    "node_modules/vue": {
      "version": "2.6.12",
      "resolved": "https://registry.npmjs.org/vue/-/vue-2.6.12.tgz",
      "integrity": "sha512-uhmLFETqPPNyuLLbsKz6ioJ4q7AZHzD8ZVFNATNyICSZouqP2Sz0rotWQC8UNBF6VGSCs5abnKJoStA6JbCbfg=="
    },
    "node_modules/vue-class-component": {
      "version": "7.2.6",
      "resolved": "https://registry.npmjs.org/vue-class-component/-/vue-class-component-7.2.6.tgz",
      "integrity": "sha512-+eaQXVrAm/LldalI272PpDe3+i4mPis0ORiMYxF6Ae4hyuCh15W8Idet7wPUEs4N4YptgFHGys4UrgNQOMyO6w==",
      "peerDependencies": {
        "vue": "^2.0.0"
      }
    },
    "node_modules/vue-property-decorator": {
      "version": "9.1.2",
      "resolved": "https://registry.npmjs.org/vue-property-decorator/-/vue-property-decorator-9.1.2.tgz",
      "integrity": "sha512-xYA8MkZynPBGd/w5QFJ2d/NM0z/YeegMqYTphy7NJQXbZcuU6FC6AOdUAcy4SXP+YnkerC6AfH+ldg7PDk9ESQ==",
      "peerDependencies": {
        "vue": "*",
        "vue-class-component": "*"
      }
    }
  },
  "dependencies": {
    "@vue/web-component-wrapper": {
      "version": "1.2.0",
      "resolved": "https://registry.npmjs.org/@vue/web-component-wrapper/-/web-component-wrapper-1.2.0.tgz",
      "integrity": "sha512-Xn/+vdm9CjuC9p3Ae+lTClNutrVhsXpzxvoTXXtoys6kVRX9FkueSUAqSWAyZntmVLlR4DosBV4pH8y5Z/HbUw=="
    },
    "vue": {
      "version": "2.6.12",
      "resolved": "https://registry.npmjs.org/vue/-/vue-2.6.12.tgz",
      "integrity": "sha512-uhmLFETqPPNyuLLbsKz6ioJ4q7AZHzD8ZVFNATNyICSZouqP2Sz0rotWQC8UNBF6VGSCs5abnKJoStA6JbCbfg=="
    },
    "vue-class-component": {
      "version": "7.2.6",
      "resolved": "https://registry.npmjs.org/vue-class-component/-/vue-class-component-7.2.6.tgz",
      "integrity": "sha512-+eaQXVrAm/LldalI272PpDe3+i4mPis0ORiMYxF6Ae4hyuCh15W8Idet7wPUEs4N4YptgFHGys4UrgNQOMyO6w==",
      "requires": {}
    },
    "vue-property-decorator": {
      "version": "9.1.2",
      "resolved": "https://registry.npmjs.org/vue-property-decorator/-/vue-property-decorator-9.1.2.tgz",
      "integrity": "sha512-xYA8MkZynPBGd/w5QFJ2d/NM0z/YeegMqYTphy7NJQXbZcuU6FC6AOdUAcy4SXP+YnkerC6AfH+ldg7PDk9ESQ==",
      "requires": {}
    }
  }
}
