{
  "name": "api",
  "lockfileVersion": 2,
  "requires": true,
  "packages": {
    "": {
      "dependencies": {
        "axios": "0.24.0",
        "bin-serde": "1.1.1"
      }
    },
    "node_modules/axios": {
      "version": "0.24.0",
      "resolved": "https://registry.npmjs.org/axios/-/axios-0.24.0.tgz",
      "integrity": "sha512-Q6cWsys88HoPgAaFAVUb0WpPk0O8iTeisR9IMqy9G8AbO4NlpVknrnQS03zzF9PGAWgO3cgletO3VjV/P7VztA==",
      "dependencies": {
        "follow-redirects": "^1.14.4"
      }
    },
    "node_modules/bin-serde": {
      "version": "1.1.1",
      "resolved": "https://registry.npmjs.org/bin-serde/-/bin-serde-1.1.1.tgz",
      "integrity": "sha512-/4es3F63rKeTF/rVxudTL6EVWUR6lUQMIbtvgF0lpSLtWyyJ8isOACKicVsrpy1d6M4mJZHY30bKfxJGOcLP3A==",
      "dependencies": {
        "utf8-buffer": "^1.0.0",
        "utf8-buffer-size": "^0.0.4"
      }
    },
    "node_modules/follow-redirects": {
      "version": "1.14.7",
      "resolved": "https://registry.npmjs.org/follow-redirects/-/follow-redirects-1.14.7.tgz",
      "integrity": "sha512-+hbxoLbFMbRKDwohX8GkTataGqO6Jb7jGwpAlwgy2bIz25XtRm7KEzJM76R1WiNT5SwZkX4Y75SwBolkpmE7iQ==",
      "funding": [
        {
          "type": "individual",
          "url": "https://github.com/sponsors/RubenVerborgh"
        }
      ],
      "engines": {
        "node": ">=4.0"
      },
      "peerDependenciesMeta": {
        "debug": {
          "optional": true
        }
      }
    },
    "node_modules/utf8-buffer": {
      "version": "1.0.0",
      "resolved": "https://registry.npmjs.org/utf8-buffer/-/utf8-buffer-1.0.0.tgz",
      "integrity": "sha512-ueuhzvWnp5JU5CiGSY4WdKbiN/PO2AZ/lpeLiz2l38qwdLy/cW40XobgyuIWucNyum0B33bVB0owjFCeGBSLqg==",
      "engines": {
        "node": ">=8"
      }
    },
    "node_modules/utf8-buffer-size": {
      "version": "0.0.4",
      "resolved": "https://registry.npmjs.org/utf8-buffer-size/-/utf8-buffer-size-0.0.4.tgz",
      "integrity": "sha512-mYYOtZvK3WmxPk9YhQjnkBluLK7y8vkIwgyEU+teoVwrJ+lpR/QapjsNFP30aiAcV4+fd9YvXCR49AxINCwbOg==",
      "engines": {
        "node": ">=8"
      }
    }
  },
  "dependencies": {
    "axios": {
      "version": "0.24.0",
      "resolved": "https://registry.npmjs.org/axios/-/axios-0.24.0.tgz",
      "integrity": "sha512-Q6cWsys88HoPgAaFAVUb0WpPk0O8iTeisR9IMqy9G8AbO4NlpVknrnQS03zzF9PGAWgO3cgletO3VjV/P7VztA==",
      "requires": {
        "follow-redirects": "^1.14.4"
      }
    },
    "bin-serde": {
      "version": "1.1.1",
      "resolved": "https://registry.npmjs.org/bin-serde/-/bin-serde-1.1.1.tgz",
      "integrity": "sha512-/4es3F63rKeTF/rVxudTL6EVWUR6lUQMIbtvgF0lpSLtWyyJ8isOACKicVsrpy1d6M4mJZHY30bKfxJGOcLP3A==",
      "requires": {
        "utf8-buffer": "^1.0.0",
        "utf8-buffer-size": "^0.0.4"
      }
    },
    "follow-redirects": {
      "version": "1.14.7",
      "resolved": "https://registry.npmjs.org/follow-redirects/-/follow-redirects-1.14.7.tgz",
      "integrity": "sha512-+hbxoLbFMbRKDwohX8GkTataGqO6Jb7jGwpAlwgy2bIz25XtRm7KEzJM76R1WiNT5SwZkX4Y75SwBolkpmE7iQ=="
    },
    "utf8-buffer": {
      "version": "1.0.0",
      "resolved": "https://registry.npmjs.org/utf8-buffer/-/utf8-buffer-1.0.0.tgz",
      "integrity": "sha512-ueuhzvWnp5JU5CiGSY4WdKbiN/PO2AZ/lpeLiz2l38qwdLy/cW40XobgyuIWucNyum0B33bVB0owjFCeGBSLqg=="
    },
    "utf8-buffer-size": {
      "version": "0.0.4",
      "resolved": "https://registry.npmjs.org/utf8-buffer-size/-/utf8-buffer-size-0.0.4.tgz",
      "integrity": "sha512-mYYOtZvK3WmxPk9YhQjnkBluLK7y8vkIwgyEU+teoVwrJ+lpR/QapjsNFP30aiAcV4+fd9YvXCR49AxINCwbOg=="
    }
  }
}
