{
  "name": "chess-client",
  "version": "0.0.1",
  "lockfileVersion": 2,
  "requires": true,
  "packages": {
    "": {
      "name": "chess-client",
      "version": "0.0.1",
      "dependencies": {
        "chessboard-element": "^1.1.0",
        "lit": "^2.0.0-rc.2"
      },
      "devDependencies": {
        "typescript": "^4.2.3"
      }
    },
    "node_modules/@lit/reactive-element": {
      "version": "1.0.0-rc.3",
      "resolved": "https://registry.npmjs.org/@lit/reactive-element/-/reactive-element-1.0.0-rc.3.tgz",
      "integrity": "sha512-Rs2px1keOQUNJUo5B+WExl5v244ZNCiN/iMVNO9evFdJjAdWCIupR/p14zRPkNHsciRBELLTcOZ379cI9O6PDg=="
    },
    "node_modules/@types/trusted-types": {
      "version": "1.0.6",
      "resolved": "https://registry.npmjs.org/@types/trusted-types/-/trusted-types-1.0.6.tgz",
      "integrity": "sha512-230RC8sFeHoT6sSUlRO6a8cAnclO06eeiq1QDfiv2FGCLWFvvERWgwIQD4FWqD9A69BN7Lzee4OXwoMVnnsWDw=="
    },
    "node_modules/chessboard-element": {
      "version": "1.1.0",
      "resolved": "https://registry.npmjs.org/chessboard-element/-/chessboard-element-1.1.0.tgz",
      "integrity": "sha512-dbQjpCNjEZOs3dBzTToxsFcBij+xwyZ0+HFce+ZCeP0P3kgIHUnLCKjFshd8XlpCHsZoPCoQElLrtYJFyqwC8w==",
      "dependencies": {
        "lit-element": "^2.2.1",
        "lit-html": "^1.2.1"
      }
    },
    "node_modules/lit": {
      "version": "2.0.0-rc.3",
      "resolved": "https://registry.npmjs.org/lit/-/lit-2.0.0-rc.3.tgz",
      "integrity": "sha512-UZDLWuspl7saA+WvS0e+TE3NdGGE05hOIwUPTWiibs34c5QupcEzpjB/aElt79V9bELQVNbUUwa0Ow7D1Wuszw==",
      "dependencies": {
        "@lit/reactive-element": "^1.0.0-rc.2",
        "lit-element": "^3.0.0-rc.2",
        "lit-html": "^2.0.0-rc.4"
      }
    },
    "node_modules/lit-element": {
      "version": "2.4.0",
      "resolved": "https://registry.npmjs.org/lit-element/-/lit-element-2.4.0.tgz",
      "integrity": "sha512-pBGLglxyhq/Prk2H91nA0KByq/hx/wssJBQFiYqXhGDvEnY31PRGYf1RglVzyLeRysu0IHm2K0P196uLLWmwFg==",
      "dependencies": {
        "lit-html": "^1.1.1"
      }
    },
    "node_modules/lit-html": {
      "version": "1.3.0",
      "resolved": "https://registry.npmjs.org/lit-html/-/lit-html-1.3.0.tgz",
      "integrity": "sha512-0Q1bwmaFH9O14vycPHw8C/IeHMk/uSDldVLIefu/kfbTBGIc44KGH6A8p1bDfxUfHdc8q6Ct7kQklWoHgr4t1Q=="
    },
    "node_modules/lit/node_modules/lit-element": {
      "version": "3.0.0-rc.3",
      "resolved": "https://registry.npmjs.org/lit-element/-/lit-element-3.0.0-rc.3.tgz",
      "integrity": "sha512-NDe7yjW18gfYQb1GIEQr1T8sB1GUAb1HB62pdAEw+SK6lUW7OFPKQqCOlRhZ6qJXsw9KxMnyYIprLZT4FZdYdQ==",
      "dependencies": {
        "@lit/reactive-element": "^1.0.0-rc.2",
        "lit-html": "^2.0.0-rc.4"
      }
    },
    "node_modules/lit/node_modules/lit-html": {
      "version": "2.0.0-rc.4",
      "resolved": "https://registry.npmjs.org/lit-html/-/lit-html-2.0.0-rc.4.tgz",
      "integrity": "sha512-WSLGu3vxq7y8q/oOd9I3zxyBELNLLiDk6gAYoKK4PGctI5fbh6lhnO/jVBdy0PV/vTc+cLJCA/occzx3YoNPeg==",
      "dependencies": {
        "@types/trusted-types": "^1.0.1"
      }
    },
    "node_modules/typescript": {
      "version": "4.2.3",
      "resolved": "https://registry.npmjs.org/typescript/-/typescript-4.2.3.tgz",
      "integrity": "sha512-qOcYwxaByStAWrBf4x0fibwZvMRG+r4cQoTjbPtUlrWjBHbmCAww1i448U0GJ+3cNNEtebDteo/cHOR3xJ4wEw==",
      "dev": true,
      "bin": {
        "tsc": "bin/tsc",
        "tsserver": "bin/tsserver"
      },
      "engines": {
        "node": ">=4.2.0"
      }
    }
  },
  "dependencies": {
    "@lit/reactive-element": {
      "version": "1.0.0-rc.3",
      "resolved": "https://registry.npmjs.org/@lit/reactive-element/-/reactive-element-1.0.0-rc.3.tgz",
      "integrity": "sha512-Rs2px1keOQUNJUo5B+WExl5v244ZNCiN/iMVNO9evFdJjAdWCIupR/p14zRPkNHsciRBELLTcOZ379cI9O6PDg=="
    },
    "@types/trusted-types": {
      "version": "1.0.6",
      "resolved": "https://registry.npmjs.org/@types/trusted-types/-/trusted-types-1.0.6.tgz",
      "integrity": "sha512-230RC8sFeHoT6sSUlRO6a8cAnclO06eeiq1QDfiv2FGCLWFvvERWgwIQD4FWqD9A69BN7Lzee4OXwoMVnnsWDw=="
    },
    "chessboard-element": {
      "version": "1.1.0",
      "resolved": "https://registry.npmjs.org/chessboard-element/-/chessboard-element-1.1.0.tgz",
      "integrity": "sha512-dbQjpCNjEZOs3dBzTToxsFcBij+xwyZ0+HFce+ZCeP0P3kgIHUnLCKjFshd8XlpCHsZoPCoQElLrtYJFyqwC8w==",
      "requires": {
        "lit-element": "^2.2.1",
        "lit-html": "^1.2.1"
      }
    },
    "lit": {
      "version": "2.0.0-rc.3",
      "resolved": "https://registry.npmjs.org/lit/-/lit-2.0.0-rc.3.tgz",
      "integrity": "sha512-UZDLWuspl7saA+WvS0e+TE3NdGGE05hOIwUPTWiibs34c5QupcEzpjB/aElt79V9bELQVNbUUwa0Ow7D1Wuszw==",
      "requires": {
        "@lit/reactive-element": "^1.0.0-rc.2",
        "lit-element": "^3.0.0-rc.2",
        "lit-html": "^2.0.0-rc.4"
      },
      "dependencies": {
        "lit-element": {
          "version": "3.0.0-rc.3",
          "resolved": "https://registry.npmjs.org/lit-element/-/lit-element-3.0.0-rc.3.tgz",
          "integrity": "sha512-NDe7yjW18gfYQb1GIEQr1T8sB1GUAb1HB62pdAEw+SK6lUW7OFPKQqCOlRhZ6qJXsw9KxMnyYIprLZT4FZdYdQ==",
          "requires": {
            "@lit/reactive-element": "^1.0.0-rc.2",
            "lit-html": "^2.0.0-rc.4"
          }
        },
        "lit-html": {
          "version": "2.0.0-rc.4",
          "resolved": "https://registry.npmjs.org/lit-html/-/lit-html-2.0.0-rc.4.tgz",
          "integrity": "sha512-WSLGu3vxq7y8q/oOd9I3zxyBELNLLiDk6gAYoKK4PGctI5fbh6lhnO/jVBdy0PV/vTc+cLJCA/occzx3YoNPeg==",
          "requires": {
            "@types/trusted-types": "^1.0.1"
          }
        }
      }
    },
    "lit-element": {
      "version": "2.4.0",
      "resolved": "https://registry.npmjs.org/lit-element/-/lit-element-2.4.0.tgz",
      "integrity": "sha512-pBGLglxyhq/Prk2H91nA0KByq/hx/wssJBQFiYqXhGDvEnY31PRGYf1RglVzyLeRysu0IHm2K0P196uLLWmwFg==",
      "requires": {
        "lit-html": "^1.1.1"
      }
    },
    "lit-html": {
      "version": "1.3.0",
      "resolved": "https://registry.npmjs.org/lit-html/-/lit-html-1.3.0.tgz",
      "integrity": "sha512-0Q1bwmaFH9O14vycPHw8C/IeHMk/uSDldVLIefu/kfbTBGIc44KGH6A8p1bDfxUfHdc8q6Ct7kQklWoHgr4t1Q=="
    },
    "typescript": {
      "version": "4.2.3",
      "resolved": "https://registry.npmjs.org/typescript/-/typescript-4.2.3.tgz",
      "integrity": "sha512-qOcYwxaByStAWrBf4x0fibwZvMRG+r4cQoTjbPtUlrWjBHbmCAww1i448U0GJ+3cNNEtebDteo/cHOR3xJ4wEw==",
      "dev": true
    }
  }
}
