{
  "name": ".rtag",
  "lockfileVersion": 2,
  "requires": true,
  "packages": {
    "": {
      "dependencies": {
        "axios": "0.24.0",
        "dotenv": "10.0.0",
        "on-change": "hpx7/on-change#hp/fix-typed-array",
        "retry": "0.13.1",
        "seedrandom": "3.0.5",
        "smart-buffer": "4.2.0",
        "utf8-buffer": "1.0.0",
        "utf8-buffer-size": "0.0.4"
      },
      "devDependencies": {
        "@types/node": "17.0.0",
        "@types/retry": "0.12.1",
        "@types/seedrandom": "3.0.1",
        "@types/varint": "6.0.0",
        "typescript": "4.5.4"
      }
    },
    "node_modules/@types/node": {
      "version": "17.0.0",
      "resolved": "https://registry.npmjs.org/@types/node/-/node-17.0.0.tgz",
      "integrity": "sha512-eMhwJXc931Ihh4tkU+Y7GiLzT/y/DBNpNtr4yU9O2w3SYBsr9NaOPhQlLKRmoWtI54uNwuo0IOUFQjVOTZYRvw==",
      "dev": true
    },
    "node_modules/@types/retry": {
      "version": "0.12.1",
      "resolved": "https://registry.npmjs.org/@types/retry/-/retry-0.12.1.tgz",
      "integrity": "sha512-xoDlM2S4ortawSWORYqsdU+2rxdh4LRW9ytc3zmT37RIKQh6IHyKwwtKhKis9ah8ol07DCkZxPt8BBvPjC6v4g==",
      "dev": true
    },
    "node_modules/@types/seedrandom": {
      "version": "3.0.1",
      "resolved": "https://registry.npmjs.org/@types/seedrandom/-/seedrandom-3.0.1.tgz",
      "integrity": "sha512-giB9gzDeiCeloIXDgzFBCgjj1k4WxcDrZtGl6h1IqmUPlxF+Nx8Ve+96QCyDZ/HseB/uvDsKbpib9hU5cU53pw==",
      "dev": true
    },
    "node_modules/@types/varint": {
      "version": "6.0.0",
      "resolved": "https://registry.npmjs.org/@types/varint/-/varint-6.0.0.tgz",
      "integrity": "sha512-2jBazyxGl4644tvu3VAez8UA/AtrcEetT9HOeAbqZ/vAcRVL/ZDFQjSS7rkWusU5cyONQVUz+nwwrNZdMva4ow==",
      "dev": true,
      "dependencies": {
        "@types/node": "*"
      }
    },
    "node_modules/axios": {
      "version": "0.24.0",
      "resolved": "https://registry.npmjs.org/axios/-/axios-0.24.0.tgz",
      "integrity": "sha512-Q6cWsys88HoPgAaFAVUb0WpPk0O8iTeisR9IMqy9G8AbO4NlpVknrnQS03zzF9PGAWgO3cgletO3VjV/P7VztA==",
      "dependencies": {
        "follow-redirects": "^1.14.4"
      }
    },
    "node_modules/dotenv": {
      "version": "10.0.0",
      "resolved": "https://registry.npmjs.org/dotenv/-/dotenv-10.0.0.tgz",
      "integrity": "sha512-rlBi9d8jpv9Sf1klPjNfFAuWDjKLwTIJJ/VxtoTwIR6hnZxcEOQCZg2oIL3MWBYw5GpUDKOEnND7LXTbIpQ03Q==",
      "engines": {
        "node": ">=10"
      }
    },
    "node_modules/follow-redirects": {
      "version": "1.14.7",
      "resolved": "https://registry.npmjs.org/follow-redirects/-/follow-redirects-1.14.7.tgz",
      "integrity": "sha512-+hbxoLbFMbRKDwohX8GkTataGqO6Jb7jGwpAlwgy2bIz25XtRm7KEzJM76R1WiNT5SwZkX4Y75SwBolkpmE7iQ==",
      "funding": [
        {
          "type": "individual",
          "url": "https://github.com/sponsors/RubenVerborgh"
        }
      ],
      "engines": {
        "node": ">=4.0"
      },
      "peerDependenciesMeta": {
        "debug": {
          "optional": true
        }
      }
    },
    "node_modules/on-change": {
      "version": "4.0.0",
      "resolved": "git+ssh://git@github.com/hpx7/on-change.git#f4c969145d6c290b982fd456dc583deeb57f3e1f",
      "license": "MIT",
      "engines": {
        "node": "^12.20.0 || ^14.13.1 || >=16.0.0"
      },
      "funding": {
        "url": "https://github.com/sindresorhus/on-change?sponsor=1"
      }
    },
    "node_modules/retry": {
      "version": "0.13.1",
      "resolved": "https://registry.npmjs.org/retry/-/retry-0.13.1.tgz",
      "integrity": "sha512-XQBQ3I8W1Cge0Seh+6gjj03LbmRFWuoszgK9ooCpwYIrhhoO80pfq4cUkU5DkknwfOfFteRwlZ56PYOGYyFWdg==",
      "engines": {
        "node": ">= 4"
      }
    },
    "node_modules/seedrandom": {
      "version": "3.0.5",
      "resolved": "https://registry.npmjs.org/seedrandom/-/seedrandom-3.0.5.tgz",
      "integrity": "sha512-8OwmbklUNzwezjGInmZ+2clQmExQPvomqjL7LFqOYqtmuxRgQYqOD3mHaU+MvZn5FLUeVxVfQjwLZW/n/JFuqg=="
    },
    "node_modules/smart-buffer": {
      "version": "4.2.0",
      "resolved": "https://registry.npmjs.org/smart-buffer/-/smart-buffer-4.2.0.tgz",
      "integrity": "sha512-94hK0Hh8rPqQl2xXc3HsaBoOXKV20MToPkcXvwbISWLEs+64sBq5kFgn2kJDHb1Pry9yrP0dxrCI9RRci7RXKg==",
      "engines": {
        "node": ">= 6.0.0",
        "npm": ">= 3.0.0"
      }
    },
    "node_modules/typescript": {
      "version": "4.5.4",
      "resolved": "https://registry.npmjs.org/typescript/-/typescript-4.5.4.tgz",
      "integrity": "sha512-VgYs2A2QIRuGphtzFV7aQJduJ2gyfTljngLzjpfW9FoYZF6xuw1W0vW9ghCKLfcWrCFxK81CSGRAvS1pn4fIUg==",
      "dev": true,
      "bin": {
        "tsc": "bin/tsc",
        "tsserver": "bin/tsserver"
      },
      "engines": {
        "node": ">=4.2.0"
      }
    },
    "node_modules/utf8-buffer": {
      "version": "1.0.0",
      "resolved": "https://registry.npmjs.org/utf8-buffer/-/utf8-buffer-1.0.0.tgz",
      "integrity": "sha512-ueuhzvWnp5JU5CiGSY4WdKbiN/PO2AZ/lpeLiz2l38qwdLy/cW40XobgyuIWucNyum0B33bVB0owjFCeGBSLqg==",
      "engines": {
        "node": ">=8"
      }
    },
    "node_modules/utf8-buffer-size": {
      "version": "0.0.4",
      "resolved": "https://registry.npmjs.org/utf8-buffer-size/-/utf8-buffer-size-0.0.4.tgz",
      "integrity": "sha512-mYYOtZvK3WmxPk9YhQjnkBluLK7y8vkIwgyEU+teoVwrJ+lpR/QapjsNFP30aiAcV4+fd9YvXCR49AxINCwbOg==",
      "engines": {
        "node": ">=8"
      }
    }
  },
  "dependencies": {
    "@types/node": {
      "version": "17.0.0",
      "resolved": "https://registry.npmjs.org/@types/node/-/node-17.0.0.tgz",
      "integrity": "sha512-eMhwJXc931Ihh4tkU+Y7GiLzT/y/DBNpNtr4yU9O2w3SYBsr9NaOPhQlLKRmoWtI54uNwuo0IOUFQjVOTZYRvw==",
      "dev": true
    },
    "@types/retry": {
      "version": "0.12.1",
      "resolved": "https://registry.npmjs.org/@types/retry/-/retry-0.12.1.tgz",
      "integrity": "sha512-xoDlM2S4ortawSWORYqsdU+2rxdh4LRW9ytc3zmT37RIKQh6IHyKwwtKhKis9ah8ol07DCkZxPt8BBvPjC6v4g==",
      "dev": true
    },
    "@types/seedrandom": {
      "version": "3.0.1",
      "resolved": "https://registry.npmjs.org/@types/seedrandom/-/seedrandom-3.0.1.tgz",
      "integrity": "sha512-giB9gzDeiCeloIXDgzFBCgjj1k4WxcDrZtGl6h1IqmUPlxF+Nx8Ve+96QCyDZ/HseB/uvDsKbpib9hU5cU53pw==",
      "dev": true
    },
    "@types/varint": {
      "version": "6.0.0",
      "resolved": "https://registry.npmjs.org/@types/varint/-/varint-6.0.0.tgz",
      "integrity": "sha512-2jBazyxGl4644tvu3VAez8UA/AtrcEetT9HOeAbqZ/vAcRVL/ZDFQjSS7rkWusU5cyONQVUz+nwwrNZdMva4ow==",
      "dev": true,
      "requires": {
        "@types/node": "*"
      }
    },
    "axios": {
      "version": "0.24.0",
      "resolved": "https://registry.npmjs.org/axios/-/axios-0.24.0.tgz",
      "integrity": "sha512-Q6cWsys88HoPgAaFAVUb0WpPk0O8iTeisR9IMqy9G8AbO4NlpVknrnQS03zzF9PGAWgO3cgletO3VjV/P7VztA==",
      "requires": {
        "follow-redirects": "^1.14.4"
      }
    },
    "dotenv": {
      "version": "10.0.0",
      "resolved": "https://registry.npmjs.org/dotenv/-/dotenv-10.0.0.tgz",
      "integrity": "sha512-rlBi9d8jpv9Sf1klPjNfFAuWDjKLwTIJJ/VxtoTwIR6hnZxcEOQCZg2oIL3MWBYw5GpUDKOEnND7LXTbIpQ03Q=="
    },
    "follow-redirects": {
      "version": "1.14.7",
      "resolved": "https://registry.npmjs.org/follow-redirects/-/follow-redirects-1.14.7.tgz",
      "integrity": "sha512-+hbxoLbFMbRKDwohX8GkTataGqO6Jb7jGwpAlwgy2bIz25XtRm7KEzJM76R1WiNT5SwZkX4Y75SwBolkpmE7iQ=="
    },
    "on-change": {
      "version": "git+ssh://git@github.com/hpx7/on-change.git#f4c969145d6c290b982fd456dc583deeb57f3e1f",
      "from": "on-change@hpx7/on-change#hp/fix-typed-array"
    },
    "retry": {
      "version": "0.13.1",
      "resolved": "https://registry.npmjs.org/retry/-/retry-0.13.1.tgz",
      "integrity": "sha512-XQBQ3I8W1Cge0Seh+6gjj03LbmRFWuoszgK9ooCpwYIrhhoO80pfq4cUkU5DkknwfOfFteRwlZ56PYOGYyFWdg=="
    },
    "seedrandom": {
      "version": "3.0.5",
      "resolved": "https://registry.npmjs.org/seedrandom/-/seedrandom-3.0.5.tgz",
      "integrity": "sha512-8OwmbklUNzwezjGInmZ+2clQmExQPvomqjL7LFqOYqtmuxRgQYqOD3mHaU+MvZn5FLUeVxVfQjwLZW/n/JFuqg=="
    },
    "smart-buffer": {
      "version": "4.2.0",
      "resolved": "https://registry.npmjs.org/smart-buffer/-/smart-buffer-4.2.0.tgz",
      "integrity": "sha512-94hK0Hh8rPqQl2xXc3HsaBoOXKV20MToPkcXvwbISWLEs+64sBq5kFgn2kJDHb1Pry9yrP0dxrCI9RRci7RXKg=="
    },
    "typescript": {
      "version": "4.5.4",
      "resolved": "https://registry.npmjs.org/typescript/-/typescript-4.5.4.tgz",
      "integrity": "sha512-VgYs2A2QIRuGphtzFV7aQJduJ2gyfTljngLzjpfW9FoYZF6xuw1W0vW9ghCKLfcWrCFxK81CSGRAvS1pn4fIUg==",
      "dev": true
    },
    "utf8-buffer": {
      "version": "1.0.0",
      "resolved": "https://registry.npmjs.org/utf8-buffer/-/utf8-buffer-1.0.0.tgz",
      "integrity": "sha512-ueuhzvWnp5JU5CiGSY4WdKbiN/PO2AZ/lpeLiz2l38qwdLy/cW40XobgyuIWucNyum0B33bVB0owjFCeGBSLqg=="
    },
    "utf8-buffer-size": {
      "version": "0.0.4",
      "resolved": "https://registry.npmjs.org/utf8-buffer-size/-/utf8-buffer-size-0.0.4.tgz",
      "integrity": "sha512-mYYOtZvK3WmxPk9YhQjnkBluLK7y8vkIwgyEU+teoVwrJ+lpR/QapjsNFP30aiAcV4+fd9YvXCR49AxINCwbOg=="
    }
  }
}
