{
  "name": "chess-server",
  "version": "0.0.1",
  "lockfileVersion": 2,
  "requires": true,
  "packages": {
    "": {
      "name": "chess-server",
      "version": "0.0.1",
      "dependencies": {
        "chess.js": "^0.11.0"
      },
      "devDependencies": {
        "@types/chess.js": "^0.10.1",
        "typescript": "^4.3.5"
      }
    },
    "node_modules/@types/chess.js": {
      "version": "0.10.1",
      "resolved": "https://registry.npmjs.org/@types/chess.js/-/chess.js-0.10.1.tgz",
      "integrity": "sha512-cuFMyrUYOWpKm5PRayvk22jLV3BOuWs7iJ7Q4PZJXMWoF7uhjWEojMS4GPk441gn4Ki9BHxbKsll7mrwJ3KT3g==",
      "dev": true
    },
    "node_modules/chess.js": {
      "version": "0.11.0",
      "resolved": "https://registry.npmjs.org/chess.js/-/chess.js-0.11.0.tgz",
      "integrity": "sha512-yTpi6XbRMkBtnjSvbt6wEp9Y7JzhJl1MC3GNn67q5ClyccXxCRf5cMPSUg4OblrUapg1kLHm7WzxxEVp20NK1Q=="
    },
    "node_modules/typescript": {
      "version": "4.3.5",
      "resolved": "https://registry.npmjs.org/typescript/-/typescript-4.3.5.tgz",
      "integrity": "sha512-DqQgihaQ9cUrskJo9kIyW/+g0Vxsk8cDtZ52a3NGh0YNTfpUSArXSohyUGnvbPazEPLu398C0UxmKSOrPumUzA==",
      "dev": true,
      "bin": {
        "tsc": "bin/tsc",
        "tsserver": "bin/tsserver"
      },
      "engines": {
        "node": ">=4.2.0"
      }
    }
  },
  "dependencies": {
    "@types/chess.js": {
      "version": "0.10.1",
      "resolved": "https://registry.npmjs.org/@types/chess.js/-/chess.js-0.10.1.tgz",
      "integrity": "sha512-cuFMyrUYOWpKm5PRayvk22jLV3BOuWs7iJ7Q4PZJXMWoF7uhjWEojMS4GPk441gn4Ki9BHxbKsll7mrwJ3KT3g==",
      "dev": true
    },
    "chess.js": {
      "version": "0.11.0",
      "resolved": "https://registry.npmjs.org/chess.js/-/chess.js-0.11.0.tgz",
      "integrity": "sha512-yTpi6XbRMkBtnjSvbt6wEp9Y7JzhJl1MC3GNn67q5ClyccXxCRf5cMPSUg4OblrUapg1kLHm7WzxxEVp20NK1Q=="
    },
    "typescript": {
      "version": "4.3.5",
      "resolved": "https://registry.npmjs.org/typescript/-/typescript-4.3.5.tgz",
      "integrity": "sha512-DqQgihaQ9cUrskJo9kIyW/+g0Vxsk8cDtZ52a3NGh0YNTfpUSArXSohyUGnvbPazEPLu398C0UxmKSOrPumUzA==",
      "dev": true
    }
  }
}
