{
  "name": "poker-server",
  "version": "0.0.1",
  "lockfileVersion": 2,
  "requires": true,
  "packages": {
    "": {
      "name": "poker-server",
      "version": "0.0.1",
      "dependencies": {
        "@pairjacks/poker-cards": "^0.2.1"
      }
    },
    "node_modules/@pairjacks/poker-cards": {
      "version": "0.2.1",
      "resolved": "https://registry.npmjs.org/@pairjacks/poker-cards/-/poker-cards-0.2.1.tgz",
      "integrity": "sha512-SdT7KGJxnu0MtkrbK1bqbpxUsLO8e8fe2fRc64T7E4gRTI8FiYkn7YfCUfSsdxox+wVlpfGtFhAKsWcbtKeHGQ==",
      "engines": {
        "node": ">=12.0.0"
      }
    }
  },
  "dependencies": {
    "@pairjacks/poker-cards": {
      "version": "0.2.1",
      "resolved": "https://registry.npmjs.org/@pairjacks/poker-cards/-/poker-cards-0.2.1.tgz",
      "integrity": "sha512-SdT7KGJxnu0MtkrbK1bqbpxUsLO8e8fe2fRc64T7E4gRTI8FiYkn7YfCUfSsdxox+wVlpfGtFhAKsWcbtKeHGQ=="
    }
  }
}
