{
  "name": "poker-server",
  "version": "0.0.1",
  "lockfileVersion": 2,
  "requires": true,
  "packages": {
    "": {
      "name": "poker-server",
      "version": "0.0.1",
      "dependencies": {
        "@pairjacks/poker-cards": "^0.3.0"
      },
      "devDependencies": {
        "typescript": "^4.4.3"
      }
    },
    "node_modules/@pairjacks/poker-cards": {
      "version": "0.3.0",
      "resolved": "https://registry.npmjs.org/@pairjacks/poker-cards/-/poker-cards-0.3.0.tgz",
      "integrity": "sha512-HsLeWXLLk9INPwb+eVm0yjJbqjvniiaFenTmj/Hy/z4VDfzxS5621gjF41P+0dplYWXQWuvL40VoHZXUGk61vg==",
      "engines": {
        "node": ">=12.0.0"
      }
    },
    "node_modules/typescript": {
      "version": "4.4.3",
      "resolved": "https://registry.npmjs.org/typescript/-/typescript-4.4.3.tgz",
      "integrity": "sha512-4xfscpisVgqqDfPaJo5vkd+Qd/ItkoagnHpufr+i2QCHBsNYp+G7UAoyFl8aPtx879u38wPV65rZ8qbGZijalA==",
      "dev": true,
      "bin": {
        "tsc": "bin/tsc",
        "tsserver": "bin/tsserver"
      },
      "engines": {
        "node": ">=4.2.0"
      }
    }
  },
  "dependencies": {
    "@pairjacks/poker-cards": {
      "version": "0.3.0",
      "resolved": "https://registry.npmjs.org/@pairjacks/poker-cards/-/poker-cards-0.3.0.tgz",
      "integrity": "sha512-HsLeWXLLk9INPwb+eVm0yjJbqjvniiaFenTmj/Hy/z4VDfzxS5621gjF41P+0dplYWXQWuvL40VoHZXUGk61vg=="
    },
    "typescript": {
      "version": "4.4.3",
      "resolved": "https://registry.npmjs.org/typescript/-/typescript-4.4.3.tgz",
      "integrity": "sha512-4xfscpisVgqqDfPaJo5vkd+Qd/ItkoagnHpufr+i2QCHBsNYp+G7UAoyFl8aPtx879u38wPV65rZ8qbGZijalA==",
      "dev": true
    }
  }
}
